<?xml version="1.0" encoding="utf-8"?>
<Project ToolsVersion="4.0" xmlns="http://schemas.microsoft.com/developer/msbuild/2003">
  <ItemGroup>
    <Filter Include="소스 파일">
      <UniqueIdentifier>{4FC737F1-C7A5-4376-A066-2A32D752A2FF}</UniqueIdentifier>
      <Extensions>cpp;c;cc;cxx;def;odl;idl;hpj;bat;asm;asmx</Extensions>
    </Filter>
    <Filter Include="헤더 파일">
      <UniqueIdentifier>{93995380-89BD-4b04-88EB-625FBE52EBFB}</UniqueIdentifier>
      <Extensions>h;hh;hpp;hxx;hm;inl;inc;ipp;xsd</Extensions>
    </Filter>
    <Filter Include="리소스 파일">
      <UniqueIdentifier>{67DA6AB6-F800-4c08-8B7A-83BB121AAD01}</UniqueIdentifier>
      <Extensions>rc;ico;cur;bmp;dlg;rc2;rct;bin;rgs;gif;jpg;jpeg;jpe;resx;tiff;tif;png;wav;mfcribbon-ms</Extensions>
    </Filter>
    <Filter Include="소스 파일\DetectionAlgorithm">
      <UniqueIdentifier>{b7bc933b-a039-4a13-97a4-f24ba67869e7}</UniqueIdentifier>
    </Filter>
    <Filter Include="헤더 파일\DetectionAlgorithm">
      <UniqueIdentifier>{81c12c25-166a-451f-88b1-67a520bf838e}</UniqueIdentifier>
    </Filter>
    <Filter Include="소스 파일\GraphView">
      <UniqueIdentifier>{29223cb0-e629-4c4e-aab4-6a2b270b2bf8}</UniqueIdentifier>
    </Filter>
    <Filter Include="소스 파일\GraphView\ControlPack">
      <UniqueIdentifier>{03d90d65-bf51-48e2-9c01-dcf6fcf2cb66}</UniqueIdentifier>
    </Filter>
  </ItemGroup>
  <ItemGroup>
    <ClInclude Include="DetectionModule.h">
      <Filter>헤더 파일</Filter>
    </ClInclude>
    <ClInclude Include="DetectionModuleDlg.h">
      <Filter>헤더 파일</Filter>
    </ClInclude>
    <ClInclude Include="framework.h">
      <Filter>헤더 파일</Filter>
    </ClInclude>
    <ClInclude Include="targetver.h">
      <Filter>헤더 파일</Filter>
    </ClInclude>
    <ClInclude Include="Resource.h">
      <Filter>헤더 파일</Filter>
    </ClInclude>
    <ClInclude Include="ImageWnd.h">
      <Filter>헤더 파일</Filter>
    </ClInclude>
    <ClInclude Include="RcTracker.h">
      <Filter>헤더 파일</Filter>
    </ClInclude>
    <ClInclude Include="memdc.h">
      <Filter>헤더 파일</Filter>
    </ClInclude>
    <ClInclude Include="stdafx.h">
      <Filter>헤더 파일</Filter>
    </ClInclude>
    <ClInclude Include="DetectionAlgorithm\DetectionAlgorithm.h">
      <Filter>헤더 파일\DetectionAlgorithm</Filter>
    </ClInclude>
    <ClInclude Include="Fileini.h">
      <Filter>헤더 파일</Filter>
    </ClInclude>
    <ClInclude Include="CommonData.h">
      <Filter>헤더 파일</Filter>
    </ClInclude>
    <ClInclude Include="GraphView\akWndArrange.h">
      <Filter>소스 파일\GraphView</Filter>
    </ClInclude>
    <ClInclude Include="GraphView\BGSetDlg.h">
      <Filter>소스 파일\GraphView</Filter>
    </ClInclude>
    <ClInclude Include="GraphView\ControlPack\akButtonColor.h">
      <Filter>소스 파일\GraphView\ControlPack</Filter>
    </ClInclude>
    <ClInclude Include="GraphView\ControlPack\akButtonColorCtrl.h">
      <Filter>소스 파일\GraphView\ControlPack</Filter>
    </ClInclude>
    <ClInclude Include="GraphView\ControlPack\akGroupCtrl.h">
      <Filter>소스 파일\GraphView\ControlPack</Filter>
    </ClInclude>
    <ClInclude Include="GraphView\ControlPack\akGroupDraw.h">
      <Filter>소스 파일\GraphView\ControlPack</Filter>
    </ClInclude>
    <ClInclude Include="GraphView\ControlPack\akMemDC.h">
      <Filter>소스 파일\GraphView\ControlPack</Filter>
    </ClInclude>
    <ClInclude Include="GraphView\ControlPack\akRadio.h">
      <Filter>소스 파일\GraphView\ControlPack</Filter>
    </ClInclude>
    <ClInclude Include="GraphView\ControlPack\akSliderCtrl.h">
      <Filter>소스 파일\GraphView\ControlPack</Filter>
    </ClInclude>
    <ClInclude Include="GraphView\ControlPack\akStaticAOIState.h">
      <Filter>소스 파일\GraphView\ControlPack</Filter>
    </ClInclude>
    <ClInclude Include="GraphView\ControlPack\akStaticGroup.h">
      <Filter>소스 파일\GraphView\ControlPack</Filter>
    </ClInclude>
    <ClInclude Include="GraphView\ControlPack\akStaticText.h">
      <Filter>소스 파일\GraphView\ControlPack</Filter>
    </ClInclude>
    <ClInclude Include="GraphView\ControlPack\akStaticTextCtrl.h">
      <Filter>소스 파일\GraphView\ControlPack</Filter>
    </ClInclude>
    <ClInclude Include="GraphView\ControlPack\XIcon.h">
      <Filter>소스 파일\GraphView\ControlPack</Filter>
    </ClInclude>
    <ClInclude Include="GraphView\ControlPack\XlconRadio.h">
      <Filter>소스 파일\GraphView\ControlPack</Filter>
    </ClInclude>
    <ClInclude Include="GraphView\DlgGraphView.h">
      <Filter>소스 파일\GraphView</Filter>
    </ClInclude>
    <ClInclude Include="GraphView\akGraphAOI.h">
      <Filter>소스 파일\GraphView</Filter>
    </ClInclude>
  </ItemGroup>
  <ItemGroup>
    <ClCompile Include="DetectionModule.cpp">
      <Filter>소스 파일</Filter>
    </ClCompile>
    <ClCompile Include="DetectionModuleDlg.cpp">
      <Filter>소스 파일</Filter>
    </ClCompile>
    <ClCompile Include="ImageWnd.cpp">
      <Filter>소스 파일</Filter>
    </ClCompile>
    <ClCompile Include="RcTracker.cpp">
      <Filter>소스 파일</Filter>
    </ClCompile>
    <ClCompile Include="stdafx.cpp">
      <Filter>소스 파일</Filter>
    </ClCompile>
    <ClCompile Include="DetectionAlgorithm\DetectionAlgorithm.cpp">
      <Filter>소스 파일\DetectionAlgorithm</Filter>
    </ClCompile>
    <ClCompile Include="Fileini.cpp">
      <Filter>소스 파일</Filter>
    </ClCompile>
    <ClCompile Include="GraphView\akWndArrange.cpp">
      <Filter>소스 파일\GraphView</Filter>
    </ClCompile>
    <ClCompile Include="GraphView\BGSetDlg.cpp">
      <Filter>소스 파일\GraphView</Filter>
    </ClCompile>
    <ClCompile Include="GraphView\ControlPack\akButtonColor.cpp">
      <Filter>소스 파일\GraphView\ControlPack</Filter>
    </ClCompile>
    <ClCompile Include="GraphView\ControlPack\akButtonColorCtrl.cpp">
      <Filter>소스 파일\GraphView\ControlPack</Filter>
    </ClCompile>
    <ClCompile Include="GraphView\ControlPack\akGroupCtrl.cpp">
      <Filter>소스 파일\GraphView\ControlPack</Filter>
    </ClCompile>
    <ClCompile Include="GraphView\ControlPack\akGroupDraw.cpp">
      <Filter>소스 파일\GraphView\ControlPack</Filter>
    </ClCompile>
    <ClCompile Include="GraphView\ControlPack\akRadio.cpp">
      <Filter>소스 파일\GraphView\ControlPack</Filter>
    </ClCompile>
    <ClCompile Include="GraphView\ControlPack\akSliderCtrl.cpp">
      <Filter>소스 파일\GraphView\ControlPack</Filter>
    </ClCompile>
    <ClCompile Include="GraphView\ControlPack\akStaticAOIState.cpp">
      <Filter>소스 파일\GraphView\ControlPack</Filter>
    </ClCompile>
    <ClCompile Include="GraphView\ControlPack\akStaticGroup.cpp">
      <Filter>소스 파일\GraphView\ControlPack</Filter>
    </ClCompile>
    <ClCompile Include="GraphView\ControlPack\akStaticText.cpp">
      <Filter>소스 파일\GraphView\ControlPack</Filter>
    </ClCompile>
    <ClCompile Include="GraphView\ControlPack\akStaticTextCtrl.cpp">
      <Filter>소스 파일\GraphView\ControlPack</Filter>
    </ClCompile>
    <ClCompile Include="GraphView\ControlPack\XIcon.cpp">
      <Filter>소스 파일\GraphView\ControlPack</Filter>
    </ClCompile>
    <ClCompile Include="GraphView\ControlPack\XlconRadio.cpp">
      <Filter>소스 파일\GraphView\ControlPack</Filter>
    </ClCompile>
    <ClCompile Include="GraphView\DlgGraphView.cpp">
      <Filter>소스 파일\GraphView</Filter>
    </ClCompile>
    <ClCompile Include="GraphView\akGraphAOI.cpp">
      <Filter>소스 파일\GraphView</Filter>
    </ClCompile>
  </ItemGroup>
  <ItemGroup>
    <ResourceCompile Include="DetectionModule.rc">
      <Filter>리소스 파일</Filter>
    </ResourceCompile>
  </ItemGroup>
  <ItemGroup>
    <None Include="res\DetectionModule.rc2">
      <Filter>리소스 파일</Filter>
    </None>
  </ItemGroup>
  <ItemGroup>
    <Image Include="res\DetectionModule.ico">
      <Filter>리소스 파일</Filter>
    </Image>
  </ItemGroup>
</Project>